
Microsoft Visual Studio Solution File, Format Version 12.00
# Visual Studio 15
Project("{FAE04EC0-301F-11D3-BF4B-00C04F79EFBC}") = "Practica NavMeshAgent", "Assembly-CSharp.csproj", "{D08861DE-B8EB-EC20-5070-54312BDC354C}"
EndProject
Global
	GlobalSection(SolutionConfigurationPlatforms) = preSolution
		Debug|Any CPU = Debug|Any CPU
		Release|Any CPU = Release|Any CPU
	EndGlobalSection
	GlobalSection(ProjectConfigurationPlatforms) = postSolution
		{D08861DE-B8EB-EC20-5070-54312BDC354C}.Debug|Any CPU.ActiveCfg = Debug|Any CPU
		{D08861DE-B8EB-EC20-5070-54312BDC354C}.Debug|Any CPU.Build.0 = Debug|Any CPU
		{D08861DE-B8EB-EC20-5070-54312BDC354C}.Release|Any CPU.ActiveCfg = Release|Any CPU
		{D08861DE-B8EB-EC20-5070-54312BDC354C}.Release|Any CPU.Build.0 = Release|Any CPU
	EndGlobalSection
	GlobalSection(SolutionProperties) = preSolution
		HideSolutionNode = FALSE
	EndGlobalSection
EndGlobal
